{
  "name": "api-lambda-send-email-ses",
  "version": "1.0.0",
  "lockfileVersion": 1,
  "requires": true,
  "dependencies": {
    "qs": {
      "version": "6.8.0",
      "resolved": "https://registry.npmjs.org/qs/-/qs-6.8.0.tgz",
      "integrity": "sha512-tPSkj8y92PfZVbinY1n84i1Qdx75lZjMQYx9WZhnkofyxzw2r7Ho39G3/aEvSUdebxpnnM4LZJCtvE/Aq3+s9w==",
      "dev": true
    },
    "stripe": {
      "version": "7.9.0",
      "resolved": "https://registry.npmjs.org/stripe/-/stripe-7.9.0.tgz",
      "integrity": "sha512-nftVEpqjYhRaRlIJgmEX5+NjTNyUBsBRGJiMTfS+eHpbuf6Nh6t5YylmcBN+Oh6BiAsAN9NfRncBe9xoeGxlcw==",
      "dev": true,
      "requires": {
        "qs": "^6.6.0"
      }
    }
  }
}
